// !$*UTF8*$!
{
	archiveVersion = 1;
	classes = {
	};
	objectVersion = 56;
	objects = {

/* Begin PBXBuildFile section */
		6194409B28FC501B00BF337E /* livetestApp.swift in Sources */ = {isa = PBXBuildFile; fileRef = 6194409A28FC501B00BF337E /* livetestApp.swift */; };
		6194409D28FC501B00BF337E /* ContentView.swift in Sources */ = {isa = PBXBuildFile; fileRef = 6194409C28FC501B00BF337E /* ContentView.swift */; };
		6194409F28FC501D00BF337E /* Assets.xcassets in Resources */ = {isa = PBXBuildFile; fileRef = 6194409E28FC501D00BF337E /* Assets.xcassets */; };
		619440A328FC501D00BF337E /* Preview Assets.xcassets in Resources */ = {isa = PBXBuildFile; fileRef = 619440A228FC501D00BF337E /* Preview Assets.xcassets */; };
		619440AD28FC501D00BF337E /* livetestTests.swift in Sources */ = {isa = PBXBuildFile; fileRef = 619440AC28FC501D00BF337E /* livetestTests.swift */; };
		619440B728FC501E00BF337E /* livetestUITests.swift in Sources */ = {isa = PBXBuildFile; fileRef = 619440B628FC501E00BF337E /* livetestUITests.swift */; };
		619440B928FC501E00BF337E /* livetestUITestsLaunchTests.swift in Sources */ = {isa = PBXBuildFile; fileRef = 619440B828FC501E00BF337E /* livetestUITestsLaunchTests.swift */; };
/* End PBXBuildFile section */

/* Begin PBXContainerItemProxy section */
		619440A928FC501D00BF337E /* PBXContainerItemProxy */ = {
			isa = PBXContainerItemProxy;
			containerPortal = 6194408F28FC501B00BF337E /* Project object */;
			proxyType = 1;
			remoteGlobalIDString = 6194409628FC501B00BF337E;
			remoteInfo = livetest;
		};
		619440B328FC501D00BF337E /* PBXContainerItemProxy */ = {
			isa = PBXContainerItemProxy;
			containerPortal = 6194408F28FC501B00BF337E /* Project object */;
			proxyType = 1;
			remoteGlobalIDString = 6194409628FC501B00BF337E;
			remoteInfo = livetest;
		};
/* End PBXContainerItemProxy section */

/* Begin PBXFileReference section */
		6194409728FC501B00BF337E /* livetest.app */ = {isa = PBXFileReference; explicitFileType = wrapper.application; includeInIndex = 0; path = livetest.app; sourceTree = BUILT_PRODUCTS_DIR; };
		6194409A28FC501B00BF337E /* livetestApp.swift */ = {isa = PBXFileReference; lastKnownFileType = sourcecode.swift; path = livetestApp.swift; sourceTree = "<group>"; };
		6194409C28FC501B00BF337E /* ContentView.swift */ = {isa = PBXFileReference; lastKnownFileType = sourcecode.swift; path = ContentView.swift; sourceTree = "<group>"; };
		6194409E28FC501D00BF337E /* Assets.xcassets */ = {isa = PBXFileReference; lastKnownFileType = folder.assetcatalog; path = Assets.xcassets; sourceTree = "<group>"; };
		619440A028FC501D00BF337E /* livetest.entitlements */ = {isa = PBXFileReference; lastKnownFileType = text.plist.entitlements; path = livetest.entitlements; sourceTree = "<group>"; };
		619440A228FC501D00BF337E /* Preview Assets.xcassets */ = {isa = PBXFileReference; lastKnownFileType = folder.assetcatalog; path = "Preview Assets.xcassets"; sourceTree = "<group>"; };
		619440A828FC501D00BF337E /* livetestTests.xctest */ = {isa = PBXFileReference; explicitFileType = wrapper.cfbundle; includeInIndex = 0; path = livetestTests.xctest; sourceTree = BUILT_PRODUCTS_DIR; };
		619440AC28FC501D00BF337E /* livetestTests.swift */ = {isa = PBXFileReference; lastKnownFileType = sourcecode.swift; path = livetestTests.swift; sourceTree = "<group>"; };
		619440B228FC501D00BF337E /* livetestUITests.xctest */ = {isa = PBXFileReference; explicitFileType = wrapper.cfbundle; includeInIndex = 0; path = livetestUITests.xctest; sourceTree = BUILT_PRODUCTS_DIR; };
		619440B628FC501E00BF337E /* livetestUITests.swift */ = {isa = PBXFileReference; lastKnownFileType = sourcecode.swift; path = livetestUITests.swift; sourceTree = "<group>"; };
		619440B828FC501E00BF337E /* livetestUITestsLaunchTests.swift */ = {isa = PBXFileReference; lastKnownFileType = sourcecode.swift; path = livetestUITestsLaunchTests.swift; sourceTree = "<group>"; };
/* End PBXFileReference section */

/* Begin PBXFrameworksBuildPhase section */
		6194409428FC501B00BF337E /* Frameworks */ = {
			isa = PBXFrameworksBuildPhase;
			buildActionMask = 2147483647;
			files = (
			);
			runOnlyForDeploymentPostprocessing = 0;
		};
		619440A528FC501D00BF337E /* Frameworks */ = {
			isa = PBXFrameworksBuildPhase;
			buildActionMask = 2147483647;
			files = (
			);
			runOnlyForDeploymentPostprocessing = 0;
		};
		619440AF28FC501D00BF337E /* Frameworks */ = {
			isa = PBXFrameworksBuildPhase;
			buildActionMask = 2147483647;
			files = (
			);
			runOnlyForDeploymentPostprocessing = 0;
		};
/* End PBXFrameworksBuildPhase section */

/* Begin PBXGroup section */
		6194408E28FC501B00BF337E = {
			isa = PBXGroup;
			children = (
				6194409928FC501B00BF337E /* livetest */,
				619440AB28FC501D00BF337E /* livetestTests */,
				619440B528FC501E00BF337E /* livetestUITests */,
				6194409828FC501B00BF337E /* Products */,
			);
			sourceTree = "<group>";
		};
		6194409828FC501B00BF337E /* Products */ = {
			isa = PBXGroup;
			children = (
				6194409728FC501B00BF337E /* livetest.app */,
				619440A828FC501D00BF337E /* livetestTests.xctest */,
				619440B228FC501D00BF337E /* livetestUITests.xctest */,
			);
			name = Products;
			sourceTree = "<group>";
		};
		6194409928FC501B00BF337E /* livetest */ = {
			isa = PBXGroup;
			children = (
				6194409A28FC501B00BF337E /* livetestApp.swift */,
				6194409C28FC501B00BF337E /* ContentView.swift */,
				6194409E28FC501D00BF337E /* Assets.xcassets */,
				619440A028FC501D00BF337E /* livetest.entitlements */,
				619440A128FC501D00BF337E /* Preview Content */,
			);
			path = livetest;
			sourceTree = "<group>";
		};
		619440A128FC501D00BF337E /* Preview Content */ = {
			isa = PBXGroup;
			children = (
				619440A228FC501D00BF337E /* Preview Assets.xcassets */,
			);
			path = "Preview Content";
			sourceTree = "<group>";
		};
		619440AB28FC501D00BF337E /* livetestTests */ = {
			isa = PBXGroup;
			children = (
				619440AC28FC501D00BF337E /* livetestTests.swift */,
			);
			path = livetestTests;
			sourceTree = "<group>";
		};
		619440B528FC501E00BF337E /* livetestUITests */ = {
			isa = PBXGroup;
			children = (
				619440B628FC501E00BF337E /* livetestUITests.swift */,
				619440B828FC501E00BF337E /* livetestUITestsLaunchTests.swift */,
			);
			path = livetestUITests;
			sourceTree = "<group>";
		};
/* End PBXGroup section */

/* Begin PBXNativeTarget section */
		6194409628FC501B00BF337E /* livetest */ = {
			isa = PBXNativeTarget;
			buildConfigurationList = 619440BC28FC501E00BF337E /* Build configuration list for PBXNativeTarget "livetest" */;
			buildPhases = (
				6194409328FC501B00BF337E /* Sources */,
				6194409428FC501B00BF337E /* Frameworks */,
				6194409528FC501B00BF337E /* Resources */,
			);
			buildRules = (
			);
			dependencies = (
			);
			name = livetest;
			productName = livetest;
			productReference = 6194409728FC501B00BF337E /* livetest.app */;
			productType = "com.apple.product-type.application";
		};
		619440A728FC501D00BF337E /* livetestTests */ = {
			isa = PBXNativeTarget;
			buildConfigurationList = 619440BF28FC501E00BF337E /* Build configuration list for PBXNativeTarget "livetestTests" */;
			buildPhases = (
				619440A428FC501D00BF337E /* Sources */,
				619440A528FC501D00BF337E /* Frameworks */,
				619440A628FC501D00BF337E /* Resources */,
			);
			buildRules = (
			);
			dependencies = (
				619440AA28FC501D00BF337E /* PBXTargetDependency */,
			);
			name = livetestTests;
			productName = livetestTests;
			productReference = 619440A828FC501D00BF337E /* livetestTests.xctest */;
			productType = "com.apple.product-type.bundle.unit-test";
		};
		619440B128FC501D00BF337E /* livetestUITests */ = {
			isa = PBXNativeTarget;
			buildConfigurationList = 619440C228FC501E00BF337E /* Build configuration list for PBXNativeTarget "livetestUITests" */;
			buildPhases = (
				619440AE28FC501D00BF337E /* Sources */,
				619440AF28FC501D00BF337E /* Frameworks */,
				619440B028FC501D00BF337E /* Resources */,
			);
			buildRules = (
			);
			dependencies = (
				619440B428FC501D00BF337E /* PBXTargetDependency */,
			);
			name = livetestUITests;
			productName = livetestUITests;
			productReference = 619440B228FC501D00BF337E /* livetestUITests.xctest */;
			productType = "com.apple.product-type.bundle.ui-testing";
		};
/* End PBXNativeTarget section */

/* Begin PBXProject section */
		6194408F28FC501B00BF337E /* Project object */ = {
			isa = PBXProject;
			attributes = {
				BuildIndependentTargetsInParallel = 1;
				LastSwiftUpdateCheck = 1400;
				LastUpgradeCheck = 1400;
				TargetAttributes = {
					6194409628FC501B00BF337E = {
						CreatedOnToolsVersion = 14.0;
					};
					619440A728FC501D00BF337E = {
						CreatedOnToolsVersion = 14.0;
						TestTargetID = 6194409628FC501B00BF337E;
					};
					619440B128FC501D00BF337E = {
						CreatedOnToolsVersion = 14.0;
						TestTargetID = 6194409628FC501B00BF337E;
					};
				};
			};
			buildConfigurationList = 6194409228FC501B00BF337E /* Build configuration list for PBXProject "livetest" */;
			compatibilityVersion = "Xcode 14.0";
			developmentRegion = en;
			hasScannedForEncodings = 0;
			knownRegions = (
				en,
				Base,
			);
			mainGroup = 6194408E28FC501B00BF337E;
			productRefGroup = 6194409828FC501B00BF337E /* Products */;
			projectDirPath = "";
			projectRoot = "";
			targets = (
				6194409628FC501B00BF337E /* livetest */,
				619440A728FC501D00BF337E /* livetestTests */,
				619440B128FC501D00BF337E /* livetestUITests */,
			);
		};
/* End PBXProject section */

/* Begin PBXResourcesBuildPhase section */
		6194409528FC501B00BF337E /* Resources */ = {
			isa = PBXResourcesBuildPhase;
			buildActionMask = 2147483647;
			files = (
				619440A328FC501D00BF337E /* Preview Assets.xcassets in Resources */,
				6194409F28FC501D00BF337E /* Assets.xcassets in Resources */,
			);
			runOnlyForDeploymentPostprocessing = 0;
		};
		619440A628FC501D00BF337E /* Resources */ = {
			isa = PBXResourcesBuildPhase;
			buildActionMask = 2147483647;
			files = (
			);
			runOnlyForDeploymentPostprocessing = 0;
		};
		619440B028FC501D00BF337E /* Resources */ = {
			isa = PBXResourcesBuildPhase;
			buildActionMask = 2147483647;
			files = (
			);
			runOnlyForDeploymentPostprocessing = 0;
		};
/* End PBXResourcesBuildPhase section */

/* Begin PBXSourcesBuildPhase section */
		6194409328FC501B00BF337E /* Sources */ = {
			isa = PBXSourcesBuildPhase;
			buildActionMask = 2147483647;
			files = (
				6194409D28FC501B00BF337E /* ContentView.swift in Sources */,
				6194409B28FC501B00BF337E /* livetestApp.swift in Sources */,
			);
			runOnlyForDeploymentPostprocessing = 0;
		};
		619440A428FC501D00BF337E /* Sources */ = {
			isa = PBXSourcesBuildPhase;
			buildActionMask = 2147483647;
			files = (
				619440AD28FC501D00BF337E /* livetestTests.swift in Sources */,
			);
			runOnlyForDeploymentPostprocessing = 0;
		};
		619440AE28FC501D00BF337E /* Sources */ = {
			isa = PBXSourcesBuildPhase;
			buildActionMask = 2147483647;
			files = (
				619440B928FC501E00BF337E /* livetestUITestsLaunchTests.swift in Sources */,
				619440B728FC501E00BF337E /* livetestUITests.swift in Sources */,
			);
			runOnlyForDeploymentPostprocessing = 0;
		};
/* End PBXSourcesBuildPhase section */

/* Begin PBXTargetDependency section */
		619440AA28FC501D00BF337E /* PBXTargetDependency */ = {
			isa = PBXTargetDependency;
			target = 6194409628FC501B00BF337E /* livetest */;
			targetProxy = 619440A928FC501D00BF337E /* PBXContainerItemProxy */;
		};
		619440B428FC501D00BF337E /* PBXTargetDependency */ = {
			isa = PBXTargetDependency;
			target = 6194409628FC501B00BF337E /* livetest */;
			targetProxy = 619440B328FC501D00BF337E /* PBXContainerItemProxy */;
		};
/* End PBXTargetDependency section */

/* Begin XCBuildConfiguration section */
		619440BA28FC501E00BF337E /* Debug */ = {
			isa = XCBuildConfiguration;
			buildSettings = {
				ALWAYS_SEARCH_USER_PATHS = NO;
				CLANG_ANALYZER_NONNULL = YES;
				CLANG_ANALYZER_NUMBER_OBJECT_CONVERSION = YES_AGGRESSIVE;
				CLANG_CXX_LANGUAGE_STANDARD = "gnu++20";
				CLANG_ENABLE_MODULES = YES;
				CLANG_ENABLE_OBJC_ARC = YES;
				CLANG_ENABLE_OBJC_WEAK = YES;
				CLANG_WARN_BLOCK_CAPTURE_AUTORELEASING = YES;
				CLANG_WARN_BOOL_CONVERSION = YES;
				CLANG_WARN_COMMA = YES;
				CLANG_WARN_CONSTANT_CONVERSION = YES;
				CLANG_WARN_DEPRECATED_OBJC_IMPLEMENTATIONS = YES;
				CLANG_WARN_DIRECT_OBJC_ISA_USAGE = YES_ERROR;
				CLANG_WARN_DOCUMENTATION_COMMENTS = YES;
				CLANG_WARN_EMPTY_BODY = YES;
				CLANG_WARN_ENUM_CONVERSION = YES;
				CLANG_WARN_INFINITE_RECURSION = YES;
				CLANG_WARN_INT_CONVERSION = YES;
				CLANG_WARN_NON_LITERAL_NULL_CONVERSION = YES;
				CLANG_WARN_OBJC_IMPLICIT_RETAIN_SELF = YES;
				CLANG_WARN_OBJC_LITERAL_CONVERSION = YES;
				CLANG_WARN_OBJC_ROOT_CLASS = YES_ERROR;
				CLANG_WARN_QUOTED_INCLUDE_IN_FRAMEWORK_HEADER = YES;
				CLANG_WARN_RANGE_LOOP_ANALYSIS = YES;
				CLANG_WARN_STRICT_PROTOTYPES = YES;
				CLANG_WARN_SUSPICIOUS_MOVE = YES;
				CLANG_WARN_UNGUARDED_AVAILABILITY = YES_AGGRESSIVE;
				CLANG_WARN_UNREACHABLE_CODE = YES;
				CLANG_WARN__DUPLICATE_METHOD_MATCH = YES;
				COPY_PHASE_STRIP = NO;
				DEBUG_INFORMATION_FORMAT = dwarf;
				ENABLE_STRICT_OBJC_MSGSEND = YES;
				ENABLE_TESTABILITY = YES;
				GCC_C_LANGUAGE_STANDARD = gnu11;
				GCC_DYNAMIC_NO_PIC = NO;
				GCC_NO_COMMON_BLOCKS = YES;
				GCC_OPTIMIZATION_LEVEL = 0;
				GCC_PREPROCESSOR_DEFINITIONS = (
					"DEBUG=1",
					"$(inherited)",
				);
				GCC_WARN_64_TO_32_BIT_CONVERSION = YES;
				GCC_WARN_ABOUT_RETURN_TYPE = YES_ERROR;
				GCC_WARN_UNDECLARED_SELECTOR = YES;
				GCC_WARN_UNINITIALIZED_AUTOS = YES_AGGRESSIVE;
				GCC_WARN_UNUSED_FUNCTION = YES;
				GCC_WARN_UNUSED_VARIABLE = YES;
				MTL_ENABLE_DEBUG_INFO = INCLUDE_SOURCE;
				MTL_FAST_MATH = YES;
				ONLY_ACTIVE_ARCH = YES;
				SWIFT_ACTIVE_COMPILATION_CONDITIONS = DEBUG;
				SWIFT_OPTIMIZATION_LEVEL = "-Onone";
			};
			name = Debug;
		};
		619440BB28FC501E00BF337E /* Release */ = {
			isa = XCBuildConfiguration;
			buildSettings = {
				ALWAYS_SEARCH_USER_PATHS = NO;
				CLANG_ANALYZER_NONNULL = YES;
				CLANG_ANALYZER_NUMBER_OBJECT_CONVERSION = YES_AGGRESSIVE;
				CLANG_CXX_LANGUAGE_STANDARD = "gnu++20";
				CLANG_ENABLE_MODULES = YES;
				CLANG_ENABLE_OBJC_ARC = YES;
				CLANG_ENABLE_OBJC_WEAK = YES;
				CLANG_WARN_BLOCK_CAPTURE_AUTORELEASING = YES;
				CLANG_WARN_BOOL_CONVERSION = YES;
				CLANG_WARN_COMMA = YES;
				CLANG_WARN_CONSTANT_CONVERSION = YES;
				CLANG_WARN_DEPRECATED_OBJC_IMPLEMENTATIONS = YES;
				CLANG_WARN_DIRECT_OBJC_ISA_USAGE = YES_ERROR;
				CLANG_WARN_DOCUMENTATION_COMMENTS = YES;
				CLANG_WARN_EMPTY_BODY = YES;
				CLANG_WARN_ENUM_CONVERSION = YES;
				CLANG_WARN_INFINITE_RECURSION = YES;
				CLANG_WARN_INT_CONVERSION = YES;
				CLANG_WARN_NON_LITERAL_NULL_CONVERSION = YES;
				CLANG_WARN_OBJC_IMPLICIT_RETAIN_SELF = YES;
				CLANG_WARN_OBJC_LITERAL_CONVERSION = YES;
				CLANG_WARN_OBJC_ROOT_CLASS = YES_ERROR;
				CLANG_WARN_QUOTED_INCLUDE_IN_FRAMEWORK_HEADER = YES;
				CLANG_WARN_RANGE_LOOP_ANALYSIS = YES;
				CLANG_WARN_STRICT_PROTOTYPES = YES;
				CLANG_WARN_SUSPICIOUS_MOVE = YES;
				CLANG_WARN_UNGUARDED_AVAILABILITY = YES_AGGRESSIVE;
				CLANG_WARN_UNREACHABLE_CODE = YES;
				CLANG_WARN__DUPLICATE_METHOD_MATCH = YES;
				COPY_PHASE_STRIP = NO;
				DEBUG_INFORMATION_FORMAT = "dwarf-with-dsym";
				ENABLE_NS_ASSERTIONS = NO;
				ENABLE_STRICT_OBJC_MSGSEND = YES;
				GCC_C_LANGUAGE_STANDARD = gnu11;
				GCC_NO_COMMON_BLOCKS = YES;
				GCC_WARN_64_TO_32_BIT_CONVERSION = YES;
				GCC_WARN_ABOUT_RETURN_TYPE = YES_ERROR;
				GCC_WARN_UNDECLARED_SELECTOR = YES;
				GCC_WARN_UNINITIALIZED_AUTOS = YES_AGGRESSIVE;
				GCC_WARN_UNUSED_FUNCTION = YES;
				GCC_WARN_UNUSED_VARIABLE = YES;
				MTL_ENABLE_DEBUG_INFO = NO;
				MTL_FAST_MATH = YES;
				SWIFT_COMPILATION_MODE = wholemodule;
				SWIFT_OPTIMIZATION_LEVEL = "-O";
			};
			name = Release;
		};
		619440BD28FC501E00BF337E /* Debug */ = {
			isa = XCBuildConfiguration;
			buildSettings = {
				ASSETCATALOG_COMPILER_APPICON_NAME = AppIcon;
				ASSETCATALOG_COMPILER_GLOBAL_ACCENT_COLOR_NAME = AccentColor;
				CODE_SIGN_ENTITLEMENTS = livetest/livetest.entitlements;
				CODE_SIGN_STYLE = Automatic;
				CURRENT_PROJECT_VERSION = 1;
				DEVELOPMENT_ASSET_PATHS = "\"livetest/Preview Content\"";
				DEVELOPMENT_TEAM = 4YZQY4C47E;
				ENABLE_HARDENED_RUNTIME = YES;
				ENABLE_PREVIEWS = YES;
				GENERATE_INFOPLIST_FILE = YES;
				"INFOPLIST_KEY_UIApplicationSceneManifest_Generation[sdk=iphoneos*]" = YES;
				"INFOPLIST_KEY_UIApplicationSceneManifest_Generation[sdk=iphonesimulator*]" = YES;
				"INFOPLIST_KEY_UIApplicationSupportsIndirectInputEvents[sdk=iphoneos*]" = YES;
				"INFOPLIST_KEY_UIApplicationSupportsIndirectInputEvents[sdk=iphonesimulator*]" = YES;
				"INFOPLIST_KEY_UILaunchScreen_Generation[sdk=iphoneos*]" = YES;
				"INFOPLIST_KEY_UILaunchScreen_Generation[sdk=iphonesimulator*]" = YES;
				"INFOPLIST_KEY_UIStatusBarStyle[sdk=iphoneos*]" = UIStatusBarStyleDefault;
				"INFOPLIST_KEY_UIStatusBarStyle[sdk=iphonesimulator*]" = UIStatusBarStyleDefault;
				INFOPLIST_KEY_UISupportedInterfaceOrientations_iPad = "UIInterfaceOrientationPortrait UIInterfaceOrientationPortraitUpsideDown UIInterfaceOrientationLandscapeLeft UIInterfaceOrientationLandscapeRight";
				INFOPLIST_KEY_UISupportedInterfaceOrientations_iPhone = "UIInterfaceOrientationPortrait UIInterfaceOrientationLandscapeLeft UIInterfaceOrientationLandscapeRight";
				IPHONEOS_DEPLOYMENT_TARGET = 16.0;
				LD_RUNPATH_SEARCH_PATHS = "@executable_path/Frameworks";
				"LD_RUNPATH_SEARCH_PATHS[sdk=macosx*]" = "@executable_path/../Frameworks";
				MACOSX_DEPLOYMENT_TARGET = 12.3;
				MARKETING_VERSION = 1.0;
				PRODUCT_BUNDLE_IDENTIFIER = com.entaku.livetest;
				PRODUCT_NAME = "$(TARGET_NAME)";
				SDKROOT = auto;
				SUPPORTED_PLATFORMS = "iphoneos iphonesimulator macosx";
				SWIFT_EMIT_LOC_STRINGS = YES;
				SWIFT_VERSION = 5.0;
				TARGETED_DEVICE_FAMILY = "1,2";
			};
			name = Debug;
		};
		619440BE28FC501E00BF337E /* Release */ = {
			isa = XCBuildConfiguration;
			buildSettings = {
				ASSETCATALOG_COMPILER_APPICON_NAME = AppIcon;
				ASSETCATALOG_COMPILER_GLOBAL_ACCENT_COLOR_NAME = AccentColor;
				CODE_SIGN_ENTITLEMENTS = livetest/livetest.entitlements;
				CODE_SIGN_STYLE = Automatic;
				CURRENT_PROJECT_VERSION = 1;
				DEVELOPMENT_ASSET_PATHS = "\"livetest/Preview Content\"";
				DEVELOPMENT_TEAM = 4YZQY4C47E;
				ENABLE_HARDENED_RUNTIME = YES;
				ENABLE_PREVIEWS = YES;
				GENERATE_INFOPLIST_FILE = YES;
				"INFOPLIST_KEY_UIApplicationSceneManifest_Generation[sdk=iphoneos*]" = YES;
				"INFOPLIST_KEY_UIApplicationSceneManifest_Generation[sdk=iphonesimulator*]" = YES;
				"INFOPLIST_KEY_UIApplicationSupportsIndirectInputEvents[sdk=iphoneos*]" = YES;
				"INFOPLIST_KEY_UIApplicationSupportsIndirectInputEvents[sdk=iphonesimulator*]" = YES;
				"INFOPLIST_KEY_UILaunchScreen_Generation[sdk=iphoneos*]" = YES;
				"INFOPLIST_KEY_UILaunchScreen_Generation[sdk=iphonesimulator*]" = YES;
				"INFOPLIST_KEY_UIStatusBarStyle[sdk=iphoneos*]" = UIStatusBarStyleDefault;
				"INFOPLIST_KEY_UIStatusBarStyle[sdk=iphonesimulator*]" = UIStatusBarStyleDefault;
				INFOPLIST_KEY_UISupportedInterfaceOrientations_iPad = "UIInterfaceOrientationPortrait UIInterfaceOrientationPortraitUpsideDown UIInterfaceOrientationLandscapeLeft UIInterfaceOrientationLandscapeRight";
				INFOPLIST_KEY_UISupportedInterfaceOrientations_iPhone = "UIInterfaceOrientationPortrait UIInterfaceOrientationLandscapeLeft UIInterfaceOrientationLandscapeRight";
				IPHONEOS_DEPLOYMENT_TARGET = 16.0;
				LD_RUNPATH_SEARCH_PATHS = "@executable_path/Frameworks";
				"LD_RUNPATH_SEARCH_PATHS[sdk=macosx*]" = "@executable_path/../Frameworks";
				MACOSX_DEPLOYMENT_TARGET = 12.3;
				MARKETING_VERSION = 1.0;
				PRODUCT_BUNDLE_IDENTIFIER = com.entaku.livetest;
				PRODUCT_NAME = "$(TARGET_NAME)";
				SDKROOT = auto;
				SUPPORTED_PLATFORMS = "iphoneos iphonesimulator macosx";
				SWIFT_EMIT_LOC_STRINGS = YES;
				SWIFT_VERSION = 5.0;
				TARGETED_DEVICE_FAMILY = "1,2";
			};
			name = Release;
		};
		619440C028FC501E00BF337E /* Debug */ = {
			isa = XCBuildConfiguration;
			buildSettings = {
				ALWAYS_EMBED_SWIFT_STANDARD_LIBRARIES = YES;
				BUNDLE_LOADER = "$(TEST_HOST)";
				CODE_SIGN_STYLE = Automatic;
				CURRENT_PROJECT_VERSION = 1;
				DEVELOPMENT_TEAM = 4YZQY4C47E;
				GENERATE_INFOPLIST_FILE = YES;
				IPHONEOS_DEPLOYMENT_TARGET = 16.0;
				MACOSX_DEPLOYMENT_TARGET = 12.3;
				MARKETING_VERSION = 1.0;
				PRODUCT_BUNDLE_IDENTIFIER = com.entaku.livetestTests;
				PRODUCT_NAME = "$(TARGET_NAME)";
				SDKROOT = auto;
				SUPPORTED_PLATFORMS = "iphoneos iphonesimulator macosx";
				SWIFT_EMIT_LOC_STRINGS = NO;
				SWIFT_VERSION = 5.0;
				TARGETED_DEVICE_FAMILY = "1,2";
				TEST_HOST = "$(BUILT_PRODUCTS_DIR)/livetest.app/$(BUNDLE_EXECUTABLE_FOLDER_PATH)/livetest";
			};
			name = Debug;
		};
		619440C128FC501E00BF337E /* Release */ = {
			isa = XCBuildConfiguration;
			buildSettings = {
				ALWAYS_EMBED_SWIFT_STANDARD_LIBRARIES = YES;
				BUNDLE_LOADER = "$(TEST_HOST)";
				CODE_SIGN_STYLE = Automatic;
				CURRENT_PROJECT_VERSION = 1;
				DEVELOPMENT_TEAM = 4YZQY4C47E;
				GENERATE_INFOPLIST_FILE = YES;
				IPHONEOS_DEPLOYMENT_TARGET = 16.0;
				MACOSX_DEPLOYMENT_TARGET = 12.3;
				MARKETING_VERSION = 1.0;
				PRODUCT_BUNDLE_IDENTIFIER = com.entaku.livetestTests;
				PRODUCT_NAME = "$(TARGET_NAME)";
				SDKROOT = auto;
				SUPPORTED_PLATFORMS = "iphoneos iphonesimulator macosx";
				SWIFT_EMIT_LOC_STRINGS = NO;
				SWIFT_VERSION = 5.0;
				TARGETED_DEVICE_FAMILY = "1,2";
				TEST_HOST = "$(BUILT_PRODUCTS_DIR)/livetest.app/$(BUNDLE_EXECUTABLE_FOLDER_PATH)/livetest";
			};
			name = Release;
		};
		619440C328FC501E00BF337E /* Debug */ = {
			isa = XCBuildConfiguration;
			buildSettings = {
				ALWAYS_EMBED_SWIFT_STANDARD_LIBRARIES = YES;
				CODE_SIGN_STYLE = Automatic;
				CURRENT_PROJECT_VERSION = 1;
				DEVELOPMENT_TEAM = 4YZQY4C47E;
				GENERATE_INFOPLIST_FILE = YES;
				IPHONEOS_DEPLOYMENT_TARGET = 16.0;
				MACOSX_DEPLOYMENT_TARGET = 12.3;
				MARKETING_VERSION = 1.0;
				PRODUCT_BUNDLE_IDENTIFIER = com.entaku.livetestUITests;
				PRODUCT_NAME = "$(TARGET_NAME)";
				SDKROOT = auto;
				SUPPORTED_PLATFORMS = "iphoneos iphonesimulator macosx";
				SWIFT_EMIT_LOC_STRINGS = NO;
				SWIFT_VERSION = 5.0;
				TARGETED_DEVICE_FAMILY = "1,2";
				TEST_TARGET_NAME = livetest;
			};
			name = Debug;
		};
		619440C428FC501E00BF337E /* Release */ = {
			isa = XCBuildConfiguration;
			buildSettings = {
				ALWAYS_EMBED_SWIFT_STANDARD_LIBRARIES = YES;
				CODE_SIGN_STYLE = Automatic;
				CURRENT_PROJECT_VERSION = 1;
				DEVELOPMENT_TEAM = 4YZQY4C47E;
				GENERATE_INFOPLIST_FILE = YES;
				IPHONEOS_DEPLOYMENT_TARGET = 16.0;
				MACOSX_DEPLOYMENT_TARGET = 12.3;
				MARKETING_VERSION = 1.0;
				PRODUCT_BUNDLE_IDENTIFIER = com.entaku.livetestUITests;
				PRODUCT_NAME = "$(TARGET_NAME)";
				SDKROOT = auto;
				SUPPORTED_PLATFORMS = "iphoneos iphonesimulator macosx";
				SWIFT_EMIT_LOC_STRINGS = NO;
				SWIFT_VERSION = 5.0;
				TARGETED_DEVICE_FAMILY = "1,2";
				TEST_TARGET_NAME = livetest;
			};
			name = Release;
		};
/* End XCBuildConfiguration section */

/* Begin XCConfigurationList section */
		6194409228FC501B00BF337E /* Build configuration list for PBXProject "livetest" */ = {
			isa = XCConfigurationList;
			buildConfigurations = (
				619440BA28FC501E00BF337E /* Debug */,
				619440BB28FC501E00BF337E /* Release */,
			);
			defaultConfigurationIsVisible = 0;
			defaultConfigurationName = Release;
		};
		619440BC28FC501E00BF337E /* Build configuration list for PBXNativeTarget "livetest" */ = {
			isa = XCConfigurationList;
			buildConfigurations = (
				619440BD28FC501E00BF337E /* Debug */,
				619440BE28FC501E00BF337E /* Release */,
			);
			defaultConfigurationIsVisible = 0;
			defaultConfigurationName = Release;
		};
		619440BF28FC501E00BF337E /* Build configuration list for PBXNativeTarget "livetestTests" */ = {
			isa = XCConfigurationList;
			buildConfigurations = (
				619440C028FC501E00BF337E /* Debug */,
				619440C128FC501E00BF337E /* Release */,
			);
			defaultConfigurationIsVisible = 0;
			defaultConfigurationName = Release;
		};
		619440C228FC501E00BF337E /* Build configuration list for PBXNativeTarget "livetestUITests" */ = {
			isa = XCConfigurationList;
			buildConfigurations = (
				619440C328FC501E00BF337E /* Debug */,
				619440C428FC501E00BF337E /* Release */,
			);
			defaultConfigurationIsVisible = 0;
			defaultConfigurationName = Release;
		};
/* End XCConfigurationList section */
	};
	rootObject = 6194408F28FC501B00BF337E /* Project object */;
}
